
Microsoft Visual Studio Solution File, Format Version 12.00
# Visual Studio Version 17
VisualStudioVersion = 17.12.35323.107
MinimumVisualStudioVersion = 10.0.40219.1
Project("{FAE04EC0-301F-11D3-BF4B-00C04F79EFBC}") = "MatchGame", "MatchGame\MatchGame.csproj", "{09C172B7-B088-4B74-82BE-E24B6F974603}"
EndProject
Global
	GlobalSection(SolutionConfigurationPlatforms) = preSolution
		Debug|Any CPU = Debug|Any CPU
		Release|Any CPU = Release|Any CPU
	EndGlobalSection
	GlobalSection(ProjectConfigurationPlatforms) = postSolution
		{09C172B7-B088-4B74-82BE-E24B6F974603}.Debug|Any CPU.ActiveCfg = Debug|Any CPU
		{09C172B7-B088-4B74-82BE-E24B6F974603}.Debug|Any CPU.Build.0 = Debug|Any CPU
		{09C172B7-B088-4B74-82BE-E24B6F974603}.Release|Any CPU.ActiveCfg = Release|Any CPU
		{09C172B7-B088-4B74-82BE-E24B6F974603}.Release|Any CPU.Build.0 = Release|Any CPU
	EndGlobalSection
	GlobalSection(SolutionProperties) = preSolution
		HideSolutionNode = FALSE
	EndGlobalSection
	GlobalSection(ExtensibilityGlobals) = postSolution
		SolutionGuid = {5632D3AF-C4B1-4B8E-9DEB-C53A6A36AE80}
	EndGlobalSection
EndGlobal
